// !$*UTF8*$!
{
	archiveVersion = 1;
	classes = {
	};
	objectVersion = 46;
	objects = {

/* Begin PBXBuildFile section */
		EFC02BB41E75B306004E1E9F /* AppDelegate.swift in Sources */ = {isa = PBXBuildFile; fileRef = EFC02BB31E75B306004E1E9F /* AppDelegate.swift */; };
		EFC02BB61E75B306004E1E9F /* ViewController.swift in Sources */ = {isa = PBXBuildFile; fileRef = EFC02BB51E75B306004E1E9F /* ViewController.swift */; };
		EFC02BB91E75B306004E1E9F /* Main.storyboard in Resources */ = {isa = PBXBuildFile; fileRef = EFC02BB71E75B306004E1E9F /* Main.storyboard */; };
		EFC02BBB1E75B306004E1E9F /* Assets.xcassets in Resources */ = {isa = PBXBuildFile; fileRef = EFC02BBA1E75B306004E1E9F /* Assets.xcassets */; };
		EFC02BBE1E75B306004E1E9F /* LaunchScreen.storyboard in Resources */ = {isa = PBXBuildFile; fileRef = EFC02BBC1E75B306004E1E9F /* LaunchScreen.storyboard */; };
/* End PBXBuildFile section */

/* Begin PBXFileReference section */
		EFC02BB01E75B306004E1E9F /* destroytheworld.app */ = {isa = PBXFileReference; explicitFileType = wrapper.application; includeInIndex = 0; path = destroytheworld.app; sourceTree = BUILT_PRODUCTS_DIR; };
		EFC02BB31E75B306004E1E9F /* AppDelegate.swift */ = {isa = PBXFileReference; lastKnownFileType = sourcecode.swift; path = AppDelegate.swift; sourceTree = "<group>"; };
		EFC02BB51E75B306004E1E9F /* ViewController.swift */ = {isa = PBXFileReference; lastKnownFileType = sourcecode.swift; path = ViewController.swift; sourceTree = "<group>"; };
		EFC02BB81E75B306004E1E9F /* Base */ = {isa = PBXFileReference; lastKnownFileType = file.storyboard; name = Base; path = Base.lproj/Main.storyboard; sourceTree = "<group>"; };
		EFC02BBA1E75B306004E1E9F /* Assets.xcassets */ = {isa = PBXFileReference; lastKnownFileType = folder.assetcatalog; path = Assets.xcassets; sourceTree = "<group>"; };
		EFC02BBD1E75B306004E1E9F /* Base */ = {isa = PBXFileReference; lastKnownFileType = file.storyboard; name = Base; path = Base.lproj/LaunchScreen.storyboard; sourceTree = "<group>"; };
		EFC02BBF1E75B306004E1E9F /* Info.plist */ = {isa = PBXFileReference; lastKnownFileType = text.plist.xml; path = Info.plist; sourceTree = "<group>"; };
/* End PBXFileReference section */

/* Begin PBXFrameworksBuildPhase section */
		EFC02BAD1E75B306004E1E9F /* Frameworks */ = {
			isa = PBXFrameworksBuildPhase;
			buildActionMask = 2147483647;
			files = (
			);
			runOnlyForDeploymentPostprocessing = 0;
		};
/* End PBXFrameworksBuildPhase section */

/* Begin PBXGroup section */
		EFC02BA71E75B306004E1E9F = {
			isa = PBXGroup;
			children = (
				EFC02BB21E75B306004E1E9F /* destroytheworld */,
				EFC02BB11E75B306004E1E9F /* Products */,
			);
			sourceTree = "<group>";
		};
		EFC02BB11E75B306004E1E9F /* Products */ = {
			isa = PBXGroup;
			children = (
				EFC02BB01E75B306004E1E9F /* destroytheworld.app */,
			);
			name = Products;
			sourceTree = "<group>";
		};
		EFC02BB21E75B306004E1E9F /* destroytheworld */ = {
			isa = PBXGroup;
			children = (
				EFC02BB31E75B306004E1E9F /* AppDelegate.swift */,
				EFC02BB51E75B306004E1E9F /* ViewController.swift */,
				EFC02BB71E75B306004E1E9F /* Main.storyboard */,
				EFC02BBA1E75B306004E1E9F /* Assets.xcassets */,
				EFC02BBC1E75B306004E1E9F /* LaunchScreen.storyboard */,
				EFC02BBF1E75B306004E1E9F /* Info.plist */,
			);
			path = destroytheworld;
			sourceTree = "<group>";
		};
/* End PBXGroup section */

/* Begin PBXNativeTarget section */
		EFC02BAF1E75B306004E1E9F /* destroytheworld */ = {
			isa = PBXNativeTarget;
			buildConfigurationList = EFC02BC21E75B306004E1E9F /* Build configuration list for PBXNativeTarget "destroytheworld" */;
			buildPhases = (
				EFC02BAC1E75B306004E1E9F /* Sources */,
				EFC02BAD1E75B306004E1E9F /* Frameworks */,
				EFC02BAE1E75B306004E1E9F /* Resources */,
			);
			buildRules = (
			);
			dependencies = (
			);
			name = destroytheworld;
			productName = destroytheworld;
			productReference = EFC02BB01E75B306004E1E9F /* destroytheworld.app */;
			productType = "com.apple.product-type.application";
		};
/* End PBXNativeTarget section */

/* Begin PBXProject section */
		EFC02BA81E75B306004E1E9F /* Project object */ = {
			isa = PBXProject;
			attributes = {
				LastSwiftUpdateCheck = 0820;
				LastUpgradeCheck = 0820;
				ORGANIZATIONNAME = "Tsomi EN";
				TargetAttributes = {
					EFC02BAF1E75B306004E1E9F = {
						CreatedOnToolsVersion = 8.2.1;
						ProvisioningStyle = Automatic;
					};
				};
			};
			buildConfigurationList = EFC02BAB1E75B306004E1E9F /* Build configuration list for PBXProject "destroytheworld" */;
			compatibilityVersion = "Xcode 3.2";
			developmentRegion = English;
			hasScannedForEncodings = 0;
			knownRegions = (
				en,
				Base,
			);
			mainGroup = EFC02BA71E75B306004E1E9F;
			productRefGroup = EFC02BB11E75B306004E1E9F /* Products */;
			projectDirPath = "";
			projectRoot = "";
			targets = (
				EFC02BAF1E75B306004E1E9F /* destroytheworld */,
			);
		};
/* End PBXProject section */

/* Begin PBXResourcesBuildPhase section */
		EFC02BAE1E75B306004E1E9F /* Resources */ = {
			isa = PBXResourcesBuildPhase;
			buildActionMask = 2147483647;
			files = (
				EFC02BBE1E75B306004E1E9F /* LaunchScreen.storyboard in Resources */,
				EFC02BBB1E75B306004E1E9F /* Assets.xcassets in Resources */,
				EFC02BB91E75B306004E1E9F /* Main.storyboard in Resources */,
			);
			runOnlyForDeploymentPostprocessing = 0;
		};
/* End PBXResourcesBuildPhase section */

/* Begin PBXSourcesBuildPhase section */
		EFC02BAC1E75B306004E1E9F /* Sources */ = {
			isa = PBXSourcesBuildPhase;
			buildActionMask = 2147483647;
			files = (
				EFC02BB61E75B306004E1E9F /* ViewController.swift in Sources */,
				EFC02BB41E75B306004E1E9F /* AppDelegate.swift in Sources */,
			);
			runOnlyForDeploymentPostprocessing = 0;
		};
/* End PBXSourcesBuildPhase section */

/* Begin PBXVariantGroup section */
		EFC02BB71E75B306004E1E9F /* Main.storyboard */ = {
			isa = PBXVariantGroup;
			children = (
				EFC02BB81E75B306004E1E9F /* Base */,
			);
			name = Main.storyboard;
			sourceTree = "<group>";
		};
		EFC02BBC1E75B306004E1E9F /* LaunchScreen.storyboard */ = {
			isa = PBXVariantGroup;
			children = (
				EFC02BBD1E75B306004E1E9F /* Base */,
			);
			name = LaunchScreen.storyboard;
			sourceTree = "<group>";
		};
/* End PBXVariantGroup section */

/* Begin XCBuildConfiguration section */
		EFC02BC01E75B306004E1E9F /* Debug */ = {
			isa = XCBuildConfiguration;
			buildSettings = {
				ALWAYS_SEARCH_USER_PATHS = NO;
				CLANG_ANALYZER_NONNULL = YES;
				CLANG_CXX_LANGUAGE_STANDARD = "gnu++0x";
				CLANG_CXX_LIBRARY = "libc++";
				CLANG_ENABLE_MODULES = YES;
				CLANG_ENABLE_OBJC_ARC = YES;
				CLANG_WARN_BOOL_CONVERSION = YES;
				CLANG_WARN_CONSTANT_CONVERSION = YES;
				CLANG_WARN_DIRECT_OBJC_ISA_USAGE = YES_ERROR;
				CLANG_WARN_DOCUMENTATION_COMMENTS = YES;
				CLANG_WARN_EMPTY_BODY = YES;
				CLANG_WARN_ENUM_CONVERSION = YES;
				CLANG_WARN_INFINITE_RECURSION = YES;
				CLANG_WARN_INT_CONVERSION = YES;
				CLANG_WARN_OBJC_ROOT_CLASS = YES_ERROR;
				CLANG_WARN_SUSPICIOUS_MOVE = YES;
				CLANG_WARN_UNREACHABLE_CODE = YES;
				CLANG_WARN__DUPLICATE_METHOD_MATCH = YES;
				"CODE_SIGN_IDENTITY[sdk=iphoneos*]" = "iPhone Developer";
				COPY_PHASE_STRIP = NO;
				DEBUG_INFORMATION_FORMAT = dwarf;
				ENABLE_STRICT_OBJC_MSGSEND = YES;
				ENABLE_TESTABILITY = YES;
				GCC_C_LANGUAGE_STANDARD = gnu99;
				GCC_DYNAMIC_NO_PIC = NO;
				GCC_NO_COMMON_BLOCKS = YES;
				GCC_OPTIMIZATION_LEVEL = 0;
				GCC_PREPROCESSOR_DEFINITIONS = (
					"DEBUG=1",
					"$(inherited)",
				);
				GCC_WARN_64_TO_32_BIT_CONVERSION = YES;
				GCC_WARN_ABOUT_RETURN_TYPE = YES_ERROR;
				GCC_WARN_UNDECLARED_SELECTOR = YES;
				GCC_WARN_UNINITIALIZED_AUTOS = YES_AGGRESSIVE;
				GCC_WARN_UNUSED_FUNCTION = YES;
				GCC_WARN_UNUSED_VARIABLE = YES;
				IPHONEOS_DEPLOYMENT_TARGET = 10.2;
				MTL_ENABLE_DEBUG_INFO = YES;
				ONLY_ACTIVE_ARCH = YES;
				SDKROOT = iphoneos;
				SWIFT_ACTIVE_COMPILATION_CONDITIONS = DEBUG;
				SWIFT_OPTIMIZATION_LEVEL = "-Onone";
				TARGETED_DEVICE_FAMILY = "1,2";
			};
			name = Debug;
		};
		EFC02BC11E75B306004E1E9F /* Release */ = {
			isa = XCBuildConfiguration;
			buildSettings = {
				ALWAYS_SEARCH_USER_PATHS = NO;
				CLANG_ANALYZER_NONNULL = YES;
				CLANG_CXX_LANGUAGE_STANDARD = "gnu++0x";
				CLANG_CXX_LIBRARY = "libc++";
				CLANG_ENABLE_MODULES = YES;
				CLANG_ENABLE_OBJC_ARC = YES;
				CLANG_WARN_BOOL_CONVERSION = YES;
				CLANG_WARN_CONSTANT_CONVERSION = YES;
				CLANG_WARN_DIRECT_OBJC_ISA_USAGE = YES_ERROR;
				CLANG_WARN_DOCUMENTATION_COMMENTS = YES;
				CLANG_WARN_EMPTY_BODY = YES;
				CLANG_WARN_ENUM_CONVERSION = YES;
				CLANG_WARN_INFINITE_RECURSION = YES;
				CLANG_WARN_INT_CONVERSION = YES;
				CLANG_WARN_OBJC_ROOT_CLASS = YES_ERROR;
				CLANG_WARN_SUSPICIOUS_MOVE = YES;
				CLANG_WARN_UNREACHABLE_CODE = YES;
				CLANG_WARN__DUPLICATE_METHOD_MATCH = YES;
				"CODE_SIGN_IDENTITY[sdk=iphoneos*]" = "iPhone Developer";
				COPY_PHASE_STRIP = NO;
				DEBUG_INFORMATION_FORMAT = "dwarf-with-dsym";
				ENABLE_NS_ASSERTIONS = NO;
				ENABLE_STRICT_OBJC_MSGSEND = YES;
				GCC_C_LANGUAGE_STANDARD = gnu99;
				GCC_NO_COMMON_BLOCKS = YES;
				GCC_WARN_64_TO_32_BIT_CONVERSION = YES;
				GCC_WARN_ABOUT_RETURN_TYPE = YES_ERROR;
				GCC_WARN_UNDECLARED_SELECTOR = YES;
				GCC_WARN_UNINITIALIZED_AUTOS = YES_AGGRESSIVE;
				GCC_WARN_UNUSED_FUNCTION = YES;
				GCC_WARN_UNUSED_VARIABLE = YES;
				IPHONEOS_DEPLOYMENT_TARGET = 10.2;
				MTL_ENABLE_DEBUG_INFO = NO;
				SDKROOT = iphoneos;
				SWIFT_OPTIMIZATION_LEVEL = "-Owholemodule";
				TARGETED_DEVICE_FAMILY = "1,2";
				VALIDATE_PRODUCT = YES;
			};
			name = Release;
		};
		EFC02BC31E75B306004E1E9F /* Debug */ = {
			isa = XCBuildConfiguration;
			buildSettings = {
				ASSETCATALOG_COMPILER_APPICON_NAME = AppIcon;
				INFOPLIST_FILE = destroytheworld/Info.plist;
				LD_RUNPATH_SEARCH_PATHS = "$(inherited) @executable_path/Frameworks";
				PRODUCT_BUNDLE_IDENTIFIER = Tsomi.destroytheworld;
				PRODUCT_NAME = "$(TARGET_NAME)";
				SWIFT_VERSION = 3.0;
			};
			name = Debug;
		};
		EFC02BC41E75B306004E1E9F /* Release */ = {
			isa = XCBuildConfiguration;
			buildSettings = {
				ASSETCATALOG_COMPILER_APPICON_NAME = AppIcon;
				INFOPLIST_FILE = destroytheworld/Info.plist;
				LD_RUNPATH_SEARCH_PATHS = "$(inherited) @executable_path/Frameworks";
				PRODUCT_BUNDLE_IDENTIFIER = Tsomi.destroytheworld;
				PRODUCT_NAME = "$(TARGET_NAME)";
				SWIFT_VERSION = 3.0;
			};
			name = Release;
		};
/* End XCBuildConfiguration section */

/* Begin XCConfigurationList section */
		EFC02BAB1E75B306004E1E9F /* Build configuration list for PBXProject "destroytheworld" */ = {
			isa = XCConfigurationList;
			buildConfigurations = (
				EFC02BC01E75B306004E1E9F /* Debug */,
				EFC02BC11E75B306004E1E9F /* Release */,
			);
			defaultConfigurationIsVisible = 0;
			defaultConfigurationName = Release;
		};
		EFC02BC21E75B306004E1E9F /* Build configuration list for PBXNativeTarget "destroytheworld" */ = {
			isa = XCConfigurationList;
			buildConfigurations = (
				EFC02BC31E75B306004E1E9F /* Debug */,
				EFC02BC41E75B306004E1E9F /* Release */,
			);
			defaultConfigurationIsVisible = 0;
		};
/* End XCConfigurationList section */
	};
	rootObject = EFC02BA81E75B306004E1E9F /* Project object */;
}
